
Microsoft Visual Studio Solution File, Format Version 12.00
# Visual Studio Version 16
VisualStudioVersion = 16.0.29920.165
MinimumVisualStudioVersion = 10.0.40219.1
Project("{FAE04EC0-301F-11D3-BF4B-00C04F79EFBC}") = "WindowsFormsApp", "WindowsFormsApp.csproj", "{31773E00-43D4-449D-95B5-9290D4BAA9EE}"
EndProject
Global
	GlobalSection(SolutionConfigurationPlatforms) = preSolution
		Debug|Any CPU = Debug|Any CPU
		Release|Any CPU = Release|Any CPU
	EndGlobalSection
	GlobalSection(ProjectConfigurationPlatforms) = postSolution
		{31773E00-43D4-449D-95B5-9290D4BAA9EE}.Debug|Any CPU.ActiveCfg = Debug|Any CPU
		{31773E00-43D4-449D-95B5-9290D4BAA9EE}.Debug|Any CPU.Build.0 = Debug|Any CPU
		{31773E00-43D4-449D-95B5-9290D4BAA9EE}.Release|Any CPU.ActiveCfg = Release|Any CPU
		{31773E00-43D4-449D-95B5-9290D4BAA9EE}.Release|Any CPU.Build.0 = Release|Any CPU
	EndGlobalSection
	GlobalSection(SolutionProperties) = preSolution
		HideSolutionNode = FALSE
	EndGlobalSection
	GlobalSection(ExtensibilityGlobals) = postSolution
		SolutionGuid = {8E507AFC-C7C3-4D5E-AA2B-55131DDF40F1}
	EndGlobalSection
EndGlobal
